
Microsoft Visual Studio Solution File, Format Version 12.00
Project("{FAE04EC0-301F-11D3-BF4B-00C04F79EFBC}") = "WaifuShork.Common", "src\WaifuShork.Common\WaifuShork.Common.csproj", "{FC53A75B-0ACB-4753-95C4-A96C4320F880}"
EndProject
Global
	GlobalSection(SolutionConfigurationPlatforms) = preSolution
		Debug|Any CPU = Debug|Any CPU
		Release|Any CPU = Release|Any CPU
	EndGlobalSection
	GlobalSection(ProjectConfigurationPlatforms) = postSolution
		{FC53A75B-0ACB-4753-95C4-A96C4320F880}.Debug|Any CPU.ActiveCfg = Debug|Any CPU
		{FC53A75B-0ACB-4753-95C4-A96C4320F880}.Debug|Any CPU.Build.0 = Debug|Any CPU
		{FC53A75B-0ACB-4753-95C4-A96C4320F880}.Release|Any CPU.ActiveCfg = Release|Any CPU
		{FC53A75B-0ACB-4753-95C4-A96C4320F880}.Release|Any CPU.Build.0 = Release|Any CPU
	EndGlobalSection
EndGlobal
